// !$*UTF8*$!
{
	archiveVersion = 1;
	classes = {
	};
	objectVersion = 48;
	objects = {

/* Begin PBXBuildFile section */
		7B28CD1B205C239700456F29 /* AppDelegate.swift in Sources */ = {isa = PBXBuildFile; fileRef = 7B28CD1A205C239700456F29 /* AppDelegate.swift */; };
		7B28CD1D205C239700456F29 /* AllCategoriesVC.swift in Sources */ = {isa = PBXBuildFile; fileRef = 7B28CD1C205C239700456F29 /* AllCategoriesVC.swift */; };
		7B28CD20205C239700456F29 /* Main.storyboard in Resources */ = {isa = PBXBuildFile; fileRef = 7B28CD1E205C239700456F29 /* Main.storyboard */; };
		7B28CD22205C239700456F29 /* Assets.xcassets in Resources */ = {isa = PBXBuildFile; fileRef = 7B28CD21205C239700456F29 /* Assets.xcassets */; };
		7B28CD25205C239700456F29 /* LaunchScreen.storyboard in Resources */ = {isa = PBXBuildFile; fileRef = 7B28CD23205C239700456F29 /* LaunchScreen.storyboard */; };
		7B28CD30205C35D700456F29 /* SpecificCategoryVC.swift in Sources */ = {isa = PBXBuildFile; fileRef = 7B28CD2F205C35D700456F29 /* SpecificCategoryVC.swift */; };
		7B28CD32205C360200456F29 /* DetailVC.swift in Sources */ = {isa = PBXBuildFile; fileRef = 7B28CD31205C360200456F29 /* DetailVC.swift */; };
		7B28CD34205C364200456F29 /* AppInfoVC.swift in Sources */ = {isa = PBXBuildFile; fileRef = 7B28CD33205C364200456F29 /* AppInfoVC.swift */; };
		7B28CD36205C3AB200456F29 /* RoundedButton.swift in Sources */ = {isa = PBXBuildFile; fileRef = 7B28CD35205C3AB200456F29 /* RoundedButton.swift */; };
		7BA230EA205C4A0D00C5EA94 /* Category.swift in Sources */ = {isa = PBXBuildFile; fileRef = 7BA230E9205C4A0D00C5EA94 /* Category.swift */; };
		7BA230EC205C4AB300C5EA94 /* CategoryCell.swift in Sources */ = {isa = PBXBuildFile; fileRef = 7BA230EB205C4AB300C5EA94 /* CategoryCell.swift */; };
/* End PBXBuildFile section */

/* Begin PBXFileReference section */
		7B28CD17205C239700456F29 /* TRAILguide.app */ = {isa = PBXFileReference; explicitFileType = wrapper.application; includeInIndex = 0; path = TRAILguide.app; sourceTree = BUILT_PRODUCTS_DIR; };
		7B28CD1A205C239700456F29 /* AppDelegate.swift */ = {isa = PBXFileReference; lastKnownFileType = sourcecode.swift; path = AppDelegate.swift; sourceTree = "<group>"; };
		7B28CD1C205C239700456F29 /* AllCategoriesVC.swift */ = {isa = PBXFileReference; lastKnownFileType = sourcecode.swift; path = AllCategoriesVC.swift; sourceTree = "<group>"; };
		7B28CD1F205C239700456F29 /* Base */ = {isa = PBXFileReference; lastKnownFileType = file.storyboard; name = Base; path = Base.lproj/Main.storyboard; sourceTree = "<group>"; };
		7B28CD21205C239700456F29 /* Assets.xcassets */ = {isa = PBXFileReference; lastKnownFileType = folder.assetcatalog; path = Assets.xcassets; sourceTree = "<group>"; };
		7B28CD24205C239700456F29 /* Base */ = {isa = PBXFileReference; lastKnownFileType = file.storyboard; name = Base; path = Base.lproj/LaunchScreen.storyboard; sourceTree = "<group>"; };
		7B28CD26205C239700456F29 /* Info.plist */ = {isa = PBXFileReference; lastKnownFileType = text.plist.xml; path = Info.plist; sourceTree = "<group>"; };
		7B28CD2F205C35D700456F29 /* SpecificCategoryVC.swift */ = {isa = PBXFileReference; lastKnownFileType = sourcecode.swift; path = SpecificCategoryVC.swift; sourceTree = "<group>"; };
		7B28CD31205C360200456F29 /* DetailVC.swift */ = {isa = PBXFileReference; lastKnownFileType = sourcecode.swift; path = DetailVC.swift; sourceTree = "<group>"; };
		7B28CD33205C364200456F29 /* AppInfoVC.swift */ = {isa = PBXFileReference; lastKnownFileType = sourcecode.swift; path = AppInfoVC.swift; sourceTree = "<group>"; };
		7B28CD35205C3AB200456F29 /* RoundedButton.swift */ = {isa = PBXFileReference; lastKnownFileType = sourcecode.swift; path = RoundedButton.swift; sourceTree = "<group>"; };
		7BA230E9205C4A0D00C5EA94 /* Category.swift */ = {isa = PBXFileReference; lastKnownFileType = sourcecode.swift; path = Category.swift; sourceTree = "<group>"; };
		7BA230EB205C4AB300C5EA94 /* CategoryCell.swift */ = {isa = PBXFileReference; lastKnownFileType = sourcecode.swift; path = CategoryCell.swift; sourceTree = "<group>"; };
/* End PBXFileReference section */

/* Begin PBXFrameworksBuildPhase section */
		7B28CD14205C239700456F29 /* Frameworks */ = {
			isa = PBXFrameworksBuildPhase;
			buildActionMask = 2147483647;
			files = (
			);
			runOnlyForDeploymentPostprocessing = 0;
		};
/* End PBXFrameworksBuildPhase section */

/* Begin PBXGroup section */
		7B28CD0E205C239700456F29 = {
			isa = PBXGroup;
			children = (
				7B28CD19205C239700456F29 /* TRAILguide */,
				7B28CD18205C239700456F29 /* Products */,
			);
			sourceTree = "<group>";
		};
		7B28CD18205C239700456F29 /* Products */ = {
			isa = PBXGroup;
			children = (
				7B28CD17205C239700456F29 /* TRAILguide.app */,
			);
			name = Products;
			sourceTree = "<group>";
		};
		7B28CD19205C239700456F29 /* TRAILguide */ = {
			isa = PBXGroup;
			children = (
				7BA230E8205C49E700C5EA94 /* Helpers */,
				7B28CD2E205C2D0700456F29 /* Model */,
				7B28CD2D205C2D0100456F29 /* View */,
				7B28CD2C205C2CF800456F29 /* Controller */,
				7B28CD26205C239700456F29 /* Info.plist */,
			);
			path = TRAILguide;
			sourceTree = "<group>";
		};
		7B28CD2C205C2CF800456F29 /* Controller */ = {
			isa = PBXGroup;
			children = (
				7B28CD1A205C239700456F29 /* AppDelegate.swift */,
				7B28CD2F205C35D700456F29 /* SpecificCategoryVC.swift */,
				7B28CD1C205C239700456F29 /* AllCategoriesVC.swift */,
				7B28CD31205C360200456F29 /* DetailVC.swift */,
				7B28CD33205C364200456F29 /* AppInfoVC.swift */,
			);
			path = Controller;
			sourceTree = "<group>";
		};
		7B28CD2D205C2D0100456F29 /* View */ = {
			isa = PBXGroup;
			children = (
				7B28CD1E205C239700456F29 /* Main.storyboard */,
				7B28CD21205C239700456F29 /* Assets.xcassets */,
				7B28CD23205C239700456F29 /* LaunchScreen.storyboard */,
				7B28CD35205C3AB200456F29 /* RoundedButton.swift */,
				7BA230EB205C4AB300C5EA94 /* CategoryCell.swift */,
			);
			path = View;
			sourceTree = "<group>";
		};
		7B28CD2E205C2D0700456F29 /* Model */ = {
			isa = PBXGroup;
			children = (
			);
			path = Model;
			sourceTree = "<group>";
		};
		7BA230E8205C49E700C5EA94 /* Helpers */ = {
			isa = PBXGroup;
			children = (
				7BA230E9205C4A0D00C5EA94 /* Category.swift */,
			);
			path = Helpers;
			sourceTree = "<group>";
		};
/* End PBXGroup section */

/* Begin PBXNativeTarget section */
		7B28CD16205C239700456F29 /* TRAILguide */ = {
			isa = PBXNativeTarget;
			buildConfigurationList = 7B28CD29205C239700456F29 /* Build configuration list for PBXNativeTarget "TRAILguide" */;
			buildPhases = (
				7B28CD13205C239700456F29 /* Sources */,
				7B28CD14205C239700456F29 /* Frameworks */,
				7B28CD15205C239700456F29 /* Resources */,
			);
			buildRules = (
			);
			dependencies = (
			);
			name = TRAILguide;
			productName = TRAILguide;
			productReference = 7B28CD17205C239700456F29 /* TRAILguide.app */;
			productType = "com.apple.product-type.application";
		};
/* End PBXNativeTarget section */

/* Begin PBXProject section */
		7B28CD0F205C239700456F29 /* Project object */ = {
			isa = PBXProject;
			attributes = {
				LastSwiftUpdateCheck = 0920;
				LastUpgradeCheck = 0920;
				ORGANIZATIONNAME = "Dan Lindsay";
				TargetAttributes = {
					7B28CD16205C239700456F29 = {
						CreatedOnToolsVersion = 9.2;
						ProvisioningStyle = Automatic;
					};
				};
			};
			buildConfigurationList = 7B28CD12205C239700456F29 /* Build configuration list for PBXProject "TRAILguide" */;
			compatibilityVersion = "Xcode 8.0";
			developmentRegion = en;
			hasScannedForEncodings = 0;
			knownRegions = (
				en,
				Base,
			);
			mainGroup = 7B28CD0E205C239700456F29;
			productRefGroup = 7B28CD18205C239700456F29 /* Products */;
			projectDirPath = "";
			projectRoot = "";
			targets = (
				7B28CD16205C239700456F29 /* TRAILguide */,
			);
		};
/* End PBXProject section */

/* Begin PBXResourcesBuildPhase section */
		7B28CD15205C239700456F29 /* Resources */ = {
			isa = PBXResourcesBuildPhase;
			buildActionMask = 2147483647;
			files = (
				7B28CD25205C239700456F29 /* LaunchScreen.storyboard in Resources */,
				7B28CD22205C239700456F29 /* Assets.xcassets in Resources */,
				7B28CD20205C239700456F29 /* Main.storyboard in Resources */,
			);
			runOnlyForDeploymentPostprocessing = 0;
		};
/* End PBXResourcesBuildPhase section */

/* Begin PBXSourcesBuildPhase section */
		7B28CD13205C239700456F29 /* Sources */ = {
			isa = PBXSourcesBuildPhase;
			buildActionMask = 2147483647;
			files = (
				7B28CD34205C364200456F29 /* AppInfoVC.swift in Sources */,
				7B28CD36205C3AB200456F29 /* RoundedButton.swift in Sources */,
				7B28CD1D205C239700456F29 /* AllCategoriesVC.swift in Sources */,
				7BA230EC205C4AB300C5EA94 /* CategoryCell.swift in Sources */,
				7B28CD32205C360200456F29 /* DetailVC.swift in Sources */,
				7B28CD30205C35D700456F29 /* SpecificCategoryVC.swift in Sources */,
				7B28CD1B205C239700456F29 /* AppDelegate.swift in Sources */,
				7BA230EA205C4A0D00C5EA94 /* Category.swift in Sources */,
			);
			runOnlyForDeploymentPostprocessing = 0;
		};
/* End PBXSourcesBuildPhase section */

/* Begin PBXVariantGroup section */
		7B28CD1E205C239700456F29 /* Main.storyboard */ = {
			isa = PBXVariantGroup;
			children = (
				7B28CD1F205C239700456F29 /* Base */,
			);
			name = Main.storyboard;
			sourceTree = "<group>";
		};
		7B28CD23205C239700456F29 /* LaunchScreen.storyboard */ = {
			isa = PBXVariantGroup;
			children = (
				7B28CD24205C239700456F29 /* Base */,
			);
			name = LaunchScreen.storyboard;
			sourceTree = "<group>";
		};
/* End PBXVariantGroup section */

/* Begin XCBuildConfiguration section */
		7B28CD27205C239700456F29 /* Debug */ = {
			isa = XCBuildConfiguration;
			buildSettings = {
				ALWAYS_SEARCH_USER_PATHS = NO;
				CLANG_ANALYZER_NONNULL = YES;
				CLANG_ANALYZER_NUMBER_OBJECT_CONVERSION = YES_AGGRESSIVE;
				CLANG_CXX_LANGUAGE_STANDARD = "gnu++14";
				CLANG_CXX_LIBRARY = "libc++";
				CLANG_ENABLE_MODULES = YES;
				CLANG_ENABLE_OBJC_ARC = YES;
				CLANG_WARN_BLOCK_CAPTURE_AUTORELEASING = YES;
				CLANG_WARN_BOOL_CONVERSION = YES;
				CLANG_WARN_COMMA = YES;
				CLANG_WARN_CONSTANT_CONVERSION = YES;
				CLANG_WARN_DIRECT_OBJC_ISA_USAGE = YES_ERROR;
				CLANG_WARN_DOCUMENTATION_COMMENTS = YES;
				CLANG_WARN_EMPTY_BODY = YES;
				CLANG_WARN_ENUM_CONVERSION = YES;
				CLANG_WARN_INFINITE_RECURSION = YES;
				CLANG_WARN_INT_CONVERSION = YES;
				CLANG_WARN_NON_LITERAL_NULL_CONVERSION = YES;
				CLANG_WARN_OBJC_LITERAL_CONVERSION = YES;
				CLANG_WARN_OBJC_ROOT_CLASS = YES_ERROR;
				CLANG_WARN_RANGE_LOOP_ANALYSIS = YES;
				CLANG_WARN_STRICT_PROTOTYPES = YES;
				CLANG_WARN_SUSPICIOUS_MOVE = YES;
				CLANG_WARN_UNGUARDED_AVAILABILITY = YES_AGGRESSIVE;
				CLANG_WARN_UNREACHABLE_CODE = YES;
				CLANG_WARN__DUPLICATE_METHOD_MATCH = YES;
				CODE_SIGN_IDENTITY = "iPhone Developer";
				COPY_PHASE_STRIP = NO;
				DEBUG_INFORMATION_FORMAT = dwarf;
				ENABLE_STRICT_OBJC_MSGSEND = YES;
				ENABLE_TESTABILITY = YES;
				GCC_C_LANGUAGE_STANDARD = gnu11;
				GCC_DYNAMIC_NO_PIC = NO;
				GCC_NO_COMMON_BLOCKS = YES;
				GCC_OPTIMIZATION_LEVEL = 0;
				GCC_PREPROCESSOR_DEFINITIONS = (
					"DEBUG=1",
					"$(inherited)",
				);
				GCC_WARN_64_TO_32_BIT_CONVERSION = YES;
				GCC_WARN_ABOUT_RETURN_TYPE = YES_ERROR;
				GCC_WARN_UNDECLARED_SELECTOR = YES;
				GCC_WARN_UNINITIALIZED_AUTOS = YES_AGGRESSIVE;
				GCC_WARN_UNUSED_FUNCTION = YES;
				GCC_WARN_UNUSED_VARIABLE = YES;
				IPHONEOS_DEPLOYMENT_TARGET = 11.2;
				MTL_ENABLE_DEBUG_INFO = YES;
				ONLY_ACTIVE_ARCH = YES;
				SDKROOT = iphoneos;
				SWIFT_ACTIVE_COMPILATION_CONDITIONS = DEBUG;
				SWIFT_OPTIMIZATION_LEVEL = "-Onone";
			};
			name = Debug;
		};
		7B28CD28205C239700456F29 /* Release */ = {
			isa = XCBuildConfiguration;
			buildSettings = {
				ALWAYS_SEARCH_USER_PATHS = NO;
				CLANG_ANALYZER_NONNULL = YES;
				CLANG_ANALYZER_NUMBER_OBJECT_CONVERSION = YES_AGGRESSIVE;
				CLANG_CXX_LANGUAGE_STANDARD = "gnu++14";
				CLANG_CXX_LIBRARY = "libc++";
				CLANG_ENABLE_MODULES = YES;
				CLANG_ENABLE_OBJC_ARC = YES;
				CLANG_WARN_BLOCK_CAPTURE_AUTORELEASING = YES;
				CLANG_WARN_BOOL_CONVERSION = YES;
				CLANG_WARN_COMMA = YES;
				CLANG_WARN_CONSTANT_CONVERSION = YES;
				CLANG_WARN_DIRECT_OBJC_ISA_USAGE = YES_ERROR;
				CLANG_WARN_DOCUMENTATION_COMMENTS = YES;
				CLANG_WARN_EMPTY_BODY = YES;
				CLANG_WARN_ENUM_CONVERSION = YES;
				CLANG_WARN_INFINITE_RECURSION = YES;
				CLANG_WARN_INT_CONVERSION = YES;
				CLANG_WARN_NON_LITERAL_NULL_CONVERSION = YES;
				CLANG_WARN_OBJC_LITERAL_CONVERSION = YES;
				CLANG_WARN_OBJC_ROOT_CLASS = YES_ERROR;
				CLANG_WARN_RANGE_LOOP_ANALYSIS = YES;
				CLANG_WARN_STRICT_PROTOTYPES = YES;
				CLANG_WARN_SUSPICIOUS_MOVE = YES;
				CLANG_WARN_UNGUARDED_AVAILABILITY = YES_AGGRESSIVE;
				CLANG_WARN_UNREACHABLE_CODE = YES;
				CLANG_WARN__DUPLICATE_METHOD_MATCH = YES;
				CODE_SIGN_IDENTITY = "iPhone Developer";
				COPY_PHASE_STRIP = NO;
				DEBUG_INFORMATION_FORMAT = "dwarf-with-dsym";
				ENABLE_NS_ASSERTIONS = NO;
				ENABLE_STRICT_OBJC_MSGSEND = YES;
				GCC_C_LANGUAGE_STANDARD = gnu11;
				GCC_NO_COMMON_BLOCKS = YES;
				GCC_WARN_64_TO_32_BIT_CONVERSION = YES;
				GCC_WARN_ABOUT_RETURN_TYPE = YES_ERROR;
				GCC_WARN_UNDECLARED_SELECTOR = YES;
				GCC_WARN_UNINITIALIZED_AUTOS = YES_AGGRESSIVE;
				GCC_WARN_UNUSED_FUNCTION = YES;
				GCC_WARN_UNUSED_VARIABLE = YES;
				IPHONEOS_DEPLOYMENT_TARGET = 11.2;
				MTL_ENABLE_DEBUG_INFO = NO;
				SDKROOT = iphoneos;
				SWIFT_OPTIMIZATION_LEVEL = "-Owholemodule";
				VALIDATE_PRODUCT = YES;
			};
			name = Release;
		};
		7B28CD2A205C239700456F29 /* Debug */ = {
			isa = XCBuildConfiguration;
			buildSettings = {
				ASSETCATALOG_COMPILER_APPICON_NAME = AppIcon;
				CODE_SIGN_STYLE = Automatic;
				DEVELOPMENT_TEAM = 999T2QHS45;
				INFOPLIST_FILE = TRAILguide/Info.plist;
				LD_RUNPATH_SEARCH_PATHS = "$(inherited) @executable_path/Frameworks";
				PRODUCT_BUNDLE_IDENTIFIER = com.dreamerongo.TRAILguide;
				PRODUCT_NAME = "$(TARGET_NAME)";
				SWIFT_VERSION = 4.0;
				TARGETED_DEVICE_FAMILY = "1,2";
			};
			name = Debug;
		};
		7B28CD2B205C239700456F29 /* Release */ = {
			isa = XCBuildConfiguration;
			buildSettings = {
				ASSETCATALOG_COMPILER_APPICON_NAME = AppIcon;
				CODE_SIGN_STYLE = Automatic;
				DEVELOPMENT_TEAM = 999T2QHS45;
				INFOPLIST_FILE = TRAILguide/Info.plist;
				LD_RUNPATH_SEARCH_PATHS = "$(inherited) @executable_path/Frameworks";
				PRODUCT_BUNDLE_IDENTIFIER = com.dreamerongo.TRAILguide;
				PRODUCT_NAME = "$(TARGET_NAME)";
				SWIFT_VERSION = 4.0;
				TARGETED_DEVICE_FAMILY = "1,2";
			};
			name = Release;
		};
/* End XCBuildConfiguration section */

/* Begin XCConfigurationList section */
		7B28CD12205C239700456F29 /* Build configuration list for PBXProject "TRAILguide" */ = {
			isa = XCConfigurationList;
			buildConfigurations = (
				7B28CD27205C239700456F29 /* Debug */,
				7B28CD28205C239700456F29 /* Release */,
			);
			defaultConfigurationIsVisible = 0;
			defaultConfigurationName = Release;
		};
		7B28CD29205C239700456F29 /* Build configuration list for PBXNativeTarget "TRAILguide" */ = {
			isa = XCConfigurationList;
			buildConfigurations = (
				7B28CD2A205C239700456F29 /* Debug */,
				7B28CD2B205C239700456F29 /* Release */,
			);
			defaultConfigurationIsVisible = 0;
			defaultConfigurationName = Release;
		};
/* End XCConfigurationList section */
	};
	rootObject = 7B28CD0F205C239700456F29 /* Project object */;
}
